// !$*UTF8*$!
{
	archiveVersion = 1;
	classes = {
	};
	objectVersion = 55;
	objects = {

/* Begin PBXBuildFile section */
		1879EB742889697C009B0603 /* SearchTableViewController.swift in Sources */ = {isa = PBXBuildFile; fileRef = 1879EB732889697C009B0603 /* SearchTableViewController.swift */; };
		1879EB76288972D3009B0603 /* Search.storyboard in Resources */ = {isa = PBXBuildFile; fileRef = 1879EB75288972D3009B0603 /* Search.storyboard */; };
		1879EB7828898EE3009B0603 /* BookDetail.storyboard in Resources */ = {isa = PBXBuildFile; fileRef = 1879EB7728898EE3009B0603 /* BookDetail.storyboard */; };
		1879EB7A28898EFD009B0603 /* BookDetailViewController.swift in Sources */ = {isa = PBXBuildFile; fileRef = 1879EB7928898EFD009B0603 /* BookDetailViewController.swift */; };
		1879EB7C28898F66009B0603 /* WebViewController.swift in Sources */ = {isa = PBXBuildFile; fileRef = 1879EB7B28898F66009B0603 /* WebViewController.swift */; };
		1879EB7E28899F4C009B0603 /* Web.storyboard in Resources */ = {isa = PBXBuildFile; fileRef = 1879EB7D28899F4C009B0603 /* Web.storyboard */; };
		1898219D2887C1B500A887BD /* AppDelegate.swift in Sources */ = {isa = PBXBuildFile; fileRef = 1898219C2887C1B500A887BD /* AppDelegate.swift */; };
		1898219F2887C1B500A887BD /* SceneDelegate.swift in Sources */ = {isa = PBXBuildFile; fileRef = 1898219E2887C1B500A887BD /* SceneDelegate.swift */; };
		189821A12887C1B500A887BD /* ViewController.swift in Sources */ = {isa = PBXBuildFile; fileRef = 189821A02887C1B500A887BD /* ViewController.swift */; };
		189821A42887C1B500A887BD /* Main.storyboard in Resources */ = {isa = PBXBuildFile; fileRef = 189821A22887C1B500A887BD /* Main.storyboard */; };
		189821A62887C1B800A887BD /* Assets.xcassets in Resources */ = {isa = PBXBuildFile; fileRef = 189821A52887C1B800A887BD /* Assets.xcassets */; };
		189821A92887C1B800A887BD /* LaunchScreen.storyboard in Resources */ = {isa = PBXBuildFile; fileRef = 189821A72887C1B800A887BD /* LaunchScreen.storyboard */; };
		189821B12887C1D400A887BD /* Books.storyboard in Resources */ = {isa = PBXBuildFile; fileRef = 189821B02887C1D400A887BD /* Books.storyboard */; };
		189821B32887C1E200A887BD /* BookInfo.swift in Sources */ = {isa = PBXBuildFile; fileRef = 189821B22887C1E200A887BD /* BookInfo.swift */; };
		189821B52887C23100A887BD /* Book.swift in Sources */ = {isa = PBXBuildFile; fileRef = 189821B42887C23100A887BD /* Book.swift */; };
		189821B72887D36500A887BD /* BookCollectionViewController.swift in Sources */ = {isa = PBXBuildFile; fileRef = 189821B62887D36500A887BD /* BookCollectionViewController.swift */; };
		189821B92887D37B00A887BD /* BookCollectionViewCell.swift in Sources */ = {isa = PBXBuildFile; fileRef = 189821B82887D37B00A887BD /* BookCollectionViewCell.swift */; };
/* End PBXBuildFile section */

/* Begin PBXFileReference section */
		1879EB732889697C009B0603 /* SearchTableViewController.swift */ = {isa = PBXFileReference; lastKnownFileType = sourcecode.swift; path = SearchTableViewController.swift; sourceTree = "<group>"; };
		1879EB75288972D3009B0603 /* Search.storyboard */ = {isa = PBXFileReference; lastKnownFileType = file.storyboard; path = Search.storyboard; sourceTree = "<group>"; };
		1879EB7728898EE3009B0603 /* BookDetail.storyboard */ = {isa = PBXFileReference; lastKnownFileType = file.storyboard; path = BookDetail.storyboard; sourceTree = "<group>"; };
		1879EB7928898EFD009B0603 /* BookDetailViewController.swift */ = {isa = PBXFileReference; lastKnownFileType = sourcecode.swift; path = BookDetailViewController.swift; sourceTree = "<group>"; };
		1879EB7B28898F66009B0603 /* WebViewController.swift */ = {isa = PBXFileReference; lastKnownFileType = sourcecode.swift; path = WebViewController.swift; sourceTree = "<group>"; };
		1879EB7D28899F4C009B0603 /* Web.storyboard */ = {isa = PBXFileReference; lastKnownFileType = file.storyboard; path = Web.storyboard; sourceTree = "<group>"; };
		189821992887C1B500A887BD /* BookInfo.app */ = {isa = PBXFileReference; explicitFileType = wrapper.application; includeInIndex = 0; path = BookInfo.app; sourceTree = BUILT_PRODUCTS_DIR; };
		1898219C2887C1B500A887BD /* AppDelegate.swift */ = {isa = PBXFileReference; lastKnownFileType = sourcecode.swift; path = AppDelegate.swift; sourceTree = "<group>"; };
		1898219E2887C1B500A887BD /* SceneDelegate.swift */ = {isa = PBXFileReference; lastKnownFileType = sourcecode.swift; path = SceneDelegate.swift; sourceTree = "<group>"; };
		189821A02887C1B500A887BD /* ViewController.swift */ = {isa = PBXFileReference; lastKnownFileType = sourcecode.swift; path = ViewController.swift; sourceTree = "<group>"; };
		189821A32887C1B500A887BD /* Base */ = {isa = PBXFileReference; lastKnownFileType = file.storyboard; name = Base; path = Base.lproj/Main.storyboard; sourceTree = "<group>"; };
		189821A52887C1B800A887BD /* Assets.xcassets */ = {isa = PBXFileReference; lastKnownFileType = folder.assetcatalog; path = Assets.xcassets; sourceTree = "<group>"; };
		189821A82887C1B800A887BD /* Base */ = {isa = PBXFileReference; lastKnownFileType = file.storyboard; name = Base; path = Base.lproj/LaunchScreen.storyboard; sourceTree = "<group>"; };
		189821AA2887C1B800A887BD /* Info.plist */ = {isa = PBXFileReference; lastKnownFileType = text.plist.xml; path = Info.plist; sourceTree = "<group>"; };
		189821B02887C1D400A887BD /* Books.storyboard */ = {isa = PBXFileReference; lastKnownFileType = file.storyboard; path = Books.storyboard; sourceTree = "<group>"; };
		189821B22887C1E200A887BD /* BookInfo.swift */ = {isa = PBXFileReference; lastKnownFileType = sourcecode.swift; path = BookInfo.swift; sourceTree = "<group>"; };
		189821B42887C23100A887BD /* Book.swift */ = {isa = PBXFileReference; lastKnownFileType = sourcecode.swift; path = Book.swift; sourceTree = "<group>"; };
		189821B62887D36500A887BD /* BookCollectionViewController.swift */ = {isa = PBXFileReference; lastKnownFileType = sourcecode.swift; path = BookCollectionViewController.swift; sourceTree = "<group>"; };
		189821B82887D37B00A887BD /* BookCollectionViewCell.swift */ = {isa = PBXFileReference; lastKnownFileType = sourcecode.swift; path = BookCollectionViewCell.swift; sourceTree = "<group>"; };
/* End PBXFileReference section */

/* Begin PBXFrameworksBuildPhase section */
		189821962887C1B500A887BD /* Frameworks */ = {
			isa = PBXFrameworksBuildPhase;
			buildActionMask = 2147483647;
			files = (
			);
			runOnlyForDeploymentPostprocessing = 0;
		};
/* End PBXFrameworksBuildPhase section */

/* Begin PBXGroup section */
		189821902887C1B500A887BD = {
			isa = PBXGroup;
			children = (
				1898219B2887C1B500A887BD /* BookInfo */,
				1898219A2887C1B500A887BD /* Products */,
			);
			sourceTree = "<group>";
		};
		1898219A2887C1B500A887BD /* Products */ = {
			isa = PBXGroup;
			children = (
				189821992887C1B500A887BD /* BookInfo.app */,
			);
			name = Products;
			sourceTree = "<group>";
		};
		1898219B2887C1B500A887BD /* BookInfo */ = {
			isa = PBXGroup;
			children = (
				1898219C2887C1B500A887BD /* AppDelegate.swift */,
				1898219E2887C1B500A887BD /* SceneDelegate.swift */,
				189821A02887C1B500A887BD /* ViewController.swift */,
				189821A22887C1B500A887BD /* Main.storyboard */,
				189821B02887C1D400A887BD /* Books.storyboard */,
				189821B62887D36500A887BD /* BookCollectionViewController.swift */,
				189821B82887D37B00A887BD /* BookCollectionViewCell.swift */,
				1879EB7728898EE3009B0603 /* BookDetail.storyboard */,
				1879EB7928898EFD009B0603 /* BookDetailViewController.swift */,
				189821B42887C23100A887BD /* Book.swift */,
				189821B22887C1E200A887BD /* BookInfo.swift */,
				1879EB75288972D3009B0603 /* Search.storyboard */,
				1879EB732889697C009B0603 /* SearchTableViewController.swift */,
				1879EB7D28899F4C009B0603 /* Web.storyboard */,
				1879EB7B28898F66009B0603 /* WebViewController.swift */,
				189821A52887C1B800A887BD /* Assets.xcassets */,
				189821A72887C1B800A887BD /* LaunchScreen.storyboard */,
				189821AA2887C1B800A887BD /* Info.plist */,
			);
			path = BookInfo;
			sourceTree = "<group>";
		};
/* End PBXGroup section */

/* Begin PBXNativeTarget section */
		189821982887C1B500A887BD /* BookInfo */ = {
			isa = PBXNativeTarget;
			buildConfigurationList = 189821AD2887C1B800A887BD /* Build configuration list for PBXNativeTarget "BookInfo" */;
			buildPhases = (
				189821952887C1B500A887BD /* Sources */,
				189821962887C1B500A887BD /* Frameworks */,
				189821972887C1B500A887BD /* Resources */,
			);
			buildRules = (
			);
			dependencies = (
			);
			name = BookInfo;
			productName = BookInfo;
			productReference = 189821992887C1B500A887BD /* BookInfo.app */;
			productType = "com.apple.product-type.application";
		};
/* End PBXNativeTarget section */

/* Begin PBXProject section */
		189821912887C1B500A887BD /* Project object */ = {
			isa = PBXProject;
			attributes = {
				BuildIndependentTargetsInParallel = 1;
				LastSwiftUpdateCheck = 1340;
				LastUpgradeCheck = 1340;
				TargetAttributes = {
					189821982887C1B500A887BD = {
						CreatedOnToolsVersion = 13.4.1;
					};
				};
			};
			buildConfigurationList = 189821942887C1B500A887BD /* Build configuration list for PBXProject "BookInfo" */;
			compatibilityVersion = "Xcode 13.0";
			developmentRegion = en;
			hasScannedForEncodings = 0;
			knownRegions = (
				en,
				Base,
			);
			mainGroup = 189821902887C1B500A887BD;
			productRefGroup = 1898219A2887C1B500A887BD /* Products */;
			projectDirPath = "";
			projectRoot = "";
			targets = (
				189821982887C1B500A887BD /* BookInfo */,
			);
		};
/* End PBXProject section */

/* Begin PBXResourcesBuildPhase section */
		189821972887C1B500A887BD /* Resources */ = {
			isa = PBXResourcesBuildPhase;
			buildActionMask = 2147483647;
			files = (
				189821A92887C1B800A887BD /* LaunchScreen.storyboard in Resources */,
				1879EB76288972D3009B0603 /* Search.storyboard in Resources */,
				189821B12887C1D400A887BD /* Books.storyboard in Resources */,
				1879EB7828898EE3009B0603 /* BookDetail.storyboard in Resources */,
				1879EB7E28899F4C009B0603 /* Web.storyboard in Resources */,
				189821A62887C1B800A887BD /* Assets.xcassets in Resources */,
				189821A42887C1B500A887BD /* Main.storyboard in Resources */,
			);
			runOnlyForDeploymentPostprocessing = 0;
		};
/* End PBXResourcesBuildPhase section */

/* Begin PBXSourcesBuildPhase section */
		189821952887C1B500A887BD /* Sources */ = {
			isa = PBXSourcesBuildPhase;
			buildActionMask = 2147483647;
			files = (
				189821B32887C1E200A887BD /* BookInfo.swift in Sources */,
				189821A12887C1B500A887BD /* ViewController.swift in Sources */,
				1898219D2887C1B500A887BD /* AppDelegate.swift in Sources */,
				1879EB7C28898F66009B0603 /* WebViewController.swift in Sources */,
				189821B52887C23100A887BD /* Book.swift in Sources */,
				189821B92887D37B00A887BD /* BookCollectionViewCell.swift in Sources */,
				1879EB7A28898EFD009B0603 /* BookDetailViewController.swift in Sources */,
				1898219F2887C1B500A887BD /* SceneDelegate.swift in Sources */,
				189821B72887D36500A887BD /* BookCollectionViewController.swift in Sources */,
				1879EB742889697C009B0603 /* SearchTableViewController.swift in Sources */,
			);
			runOnlyForDeploymentPostprocessing = 0;
		};
/* End PBXSourcesBuildPhase section */

/* Begin PBXVariantGroup section */
		189821A22887C1B500A887BD /* Main.storyboard */ = {
			isa = PBXVariantGroup;
			children = (
				189821A32887C1B500A887BD /* Base */,
			);
			name = Main.storyboard;
			sourceTree = "<group>";
		};
		189821A72887C1B800A887BD /* LaunchScreen.storyboard */ = {
			isa = PBXVariantGroup;
			children = (
				189821A82887C1B800A887BD /* Base */,
			);
			name = LaunchScreen.storyboard;
			sourceTree = "<group>";
		};
/* End PBXVariantGroup section */

/* Begin XCBuildConfiguration section */
		189821AB2887C1B800A887BD /* Debug */ = {
			isa = XCBuildConfiguration;
			buildSettings = {
				ALWAYS_SEARCH_USER_PATHS = NO;
				CLANG_ANALYZER_NONNULL = YES;
				CLANG_ANALYZER_NUMBER_OBJECT_CONVERSION = YES_AGGRESSIVE;
				CLANG_CXX_LANGUAGE_STANDARD = "gnu++17";
				CLANG_ENABLE_MODULES = YES;
				CLANG_ENABLE_OBJC_ARC = YES;
				CLANG_ENABLE_OBJC_WEAK = YES;
				CLANG_WARN_BLOCK_CAPTURE_AUTORELEASING = YES;
				CLANG_WARN_BOOL_CONVERSION = YES;
				CLANG_WARN_COMMA = YES;
				CLANG_WARN_CONSTANT_CONVERSION = YES;
				CLANG_WARN_DEPRECATED_OBJC_IMPLEMENTATIONS = YES;
				CLANG_WARN_DIRECT_OBJC_ISA_USAGE = YES_ERROR;
				CLANG_WARN_DOCUMENTATION_COMMENTS = YES;
				CLANG_WARN_EMPTY_BODY = YES;
				CLANG_WARN_ENUM_CONVERSION = YES;
				CLANG_WARN_INFINITE_RECURSION = YES;
				CLANG_WARN_INT_CONVERSION = YES;
				CLANG_WARN_NON_LITERAL_NULL_CONVERSION = YES;
				CLANG_WARN_OBJC_IMPLICIT_RETAIN_SELF = YES;
				CLANG_WARN_OBJC_LITERAL_CONVERSION = YES;
				CLANG_WARN_OBJC_ROOT_CLASS = YES_ERROR;
				CLANG_WARN_QUOTED_INCLUDE_IN_FRAMEWORK_HEADER = YES;
				CLANG_WARN_RANGE_LOOP_ANALYSIS = YES;
				CLANG_WARN_STRICT_PROTOTYPES = YES;
				CLANG_WARN_SUSPICIOUS_MOVE = YES;
				CLANG_WARN_UNGUARDED_AVAILABILITY = YES_AGGRESSIVE;
				CLANG_WARN_UNREACHABLE_CODE = YES;
				CLANG_WARN__DUPLICATE_METHOD_MATCH = YES;
				COPY_PHASE_STRIP = NO;
				DEBUG_INFORMATION_FORMAT = dwarf;
				ENABLE_STRICT_OBJC_MSGSEND = YES;
				ENABLE_TESTABILITY = YES;
				GCC_C_LANGUAGE_STANDARD = gnu11;
				GCC_DYNAMIC_NO_PIC = NO;
				GCC_NO_COMMON_BLOCKS = YES;
				GCC_OPTIMIZATION_LEVEL = 0;
				GCC_PREPROCESSOR_DEFINITIONS = (
					"DEBUG=1",
					"$(inherited)",
				);
				GCC_WARN_64_TO_32_BIT_CONVERSION = YES;
				GCC_WARN_ABOUT_RETURN_TYPE = YES_ERROR;
				GCC_WARN_UNDECLARED_SELECTOR = YES;
				GCC_WARN_UNINITIALIZED_AUTOS = YES_AGGRESSIVE;
				GCC_WARN_UNUSED_FUNCTION = YES;
				GCC_WARN_UNUSED_VARIABLE = YES;
				IPHONEOS_DEPLOYMENT_TARGET = 15.5;
				MTL_ENABLE_DEBUG_INFO = INCLUDE_SOURCE;
				MTL_FAST_MATH = YES;
				ONLY_ACTIVE_ARCH = YES;
				SDKROOT = iphoneos;
				SWIFT_ACTIVE_COMPILATION_CONDITIONS = DEBUG;
				SWIFT_OPTIMIZATION_LEVEL = "-Onone";
			};
			name = Debug;
		};
		189821AC2887C1B800A887BD /* Release */ = {
			isa = XCBuildConfiguration;
			buildSettings = {
				ALWAYS_SEARCH_USER_PATHS = NO;
				CLANG_ANALYZER_NONNULL = YES;
				CLANG_ANALYZER_NUMBER_OBJECT_CONVERSION = YES_AGGRESSIVE;
				CLANG_CXX_LANGUAGE_STANDARD = "gnu++17";
				CLANG_ENABLE_MODULES = YES;
				CLANG_ENABLE_OBJC_ARC = YES;
				CLANG_ENABLE_OBJC_WEAK = YES;
				CLANG_WARN_BLOCK_CAPTURE_AUTORELEASING = YES;
				CLANG_WARN_BOOL_CONVERSION = YES;
				CLANG_WARN_COMMA = YES;
				CLANG_WARN_CONSTANT_CONVERSION = YES;
				CLANG_WARN_DEPRECATED_OBJC_IMPLEMENTATIONS = YES;
				CLANG_WARN_DIRECT_OBJC_ISA_USAGE = YES_ERROR;
				CLANG_WARN_DOCUMENTATION_COMMENTS = YES;
				CLANG_WARN_EMPTY_BODY = YES;
				CLANG_WARN_ENUM_CONVERSION = YES;
				CLANG_WARN_INFINITE_RECURSION = YES;
				CLANG_WARN_INT_CONVERSION = YES;
				CLANG_WARN_NON_LITERAL_NULL_CONVERSION = YES;
				CLANG_WARN_OBJC_IMPLICIT_RETAIN_SELF = YES;
				CLANG_WARN_OBJC_LITERAL_CONVERSION = YES;
				CLANG_WARN_OBJC_ROOT_CLASS = YES_ERROR;
				CLANG_WARN_QUOTED_INCLUDE_IN_FRAMEWORK_HEADER = YES;
				CLANG_WARN_RANGE_LOOP_ANALYSIS = YES;
				CLANG_WARN_STRICT_PROTOTYPES = YES;
				CLANG_WARN_SUSPICIOUS_MOVE = YES;
				CLANG_WARN_UNGUARDED_AVAILABILITY = YES_AGGRESSIVE;
				CLANG_WARN_UNREACHABLE_CODE = YES;
				CLANG_WARN__DUPLICATE_METHOD_MATCH = YES;
				COPY_PHASE_STRIP = NO;
				DEBUG_INFORMATION_FORMAT = "dwarf-with-dsym";
				ENABLE_NS_ASSERTIONS = NO;
				ENABLE_STRICT_OBJC_MSGSEND = YES;
				GCC_C_LANGUAGE_STANDARD = gnu11;
				GCC_NO_COMMON_BLOCKS = YES;
				GCC_WARN_64_TO_32_BIT_CONVERSION = YES;
				GCC_WARN_ABOUT_RETURN_TYPE = YES_ERROR;
				GCC_WARN_UNDECLARED_SELECTOR = YES;
				GCC_WARN_UNINITIALIZED_AUTOS = YES_AGGRESSIVE;
				GCC_WARN_UNUSED_FUNCTION = YES;
				GCC_WARN_UNUSED_VARIABLE = YES;
				IPHONEOS_DEPLOYMENT_TARGET = 15.5;
				MTL_ENABLE_DEBUG_INFO = NO;
				MTL_FAST_MATH = YES;
				SDKROOT = iphoneos;
				SWIFT_COMPILATION_MODE = wholemodule;
				SWIFT_OPTIMIZATION_LEVEL = "-O";
				VALIDATE_PRODUCT = YES;
			};
			name = Release;
		};
		189821AE2887C1B800A887BD /* Debug */ = {
			isa = XCBuildConfiguration;
			buildSettings = {
				ASSETCATALOG_COMPILER_APPICON_NAME = AppIcon;
				ASSETCATALOG_COMPILER_GLOBAL_ACCENT_COLOR_NAME = AccentColor;
				CODE_SIGN_STYLE = Automatic;
				CURRENT_PROJECT_VERSION = 1;
				DEVELOPMENT_TEAM = UT362X937Q;
				GENERATE_INFOPLIST_FILE = YES;
				INFOPLIST_FILE = BookInfo/Info.plist;
				INFOPLIST_KEY_UIApplicationSupportsIndirectInputEvents = YES;
				INFOPLIST_KEY_UILaunchStoryboardName = LaunchScreen;
				INFOPLIST_KEY_UIMainStoryboardFile = Books;
				INFOPLIST_KEY_UISupportedInterfaceOrientations_iPad = "UIInterfaceOrientationPortrait UIInterfaceOrientationPortraitUpsideDown UIInterfaceOrientationLandscapeLeft UIInterfaceOrientationLandscapeRight";
				INFOPLIST_KEY_UISupportedInterfaceOrientations_iPhone = "UIInterfaceOrientationPortrait UIInterfaceOrientationLandscapeLeft UIInterfaceOrientationLandscapeRight";
				LD_RUNPATH_SEARCH_PATHS = (
					"$(inherited)",
					"@executable_path/Frameworks",
				);
				MARKETING_VERSION = 1.0;
				PRODUCT_BUNDLE_IDENTIFIER = io.github.yyyng2.BookInfo;
				PRODUCT_NAME = "$(TARGET_NAME)";
				SWIFT_EMIT_LOC_STRINGS = YES;
				SWIFT_VERSION = 5.0;
				TARGETED_DEVICE_FAMILY = "1,2";
			};
			name = Debug;
		};
		189821AF2887C1B800A887BD /* Release */ = {
			isa = XCBuildConfiguration;
			buildSettings = {
				ASSETCATALOG_COMPILER_APPICON_NAME = AppIcon;
				ASSETCATALOG_COMPILER_GLOBAL_ACCENT_COLOR_NAME = AccentColor;
				CODE_SIGN_STYLE = Automatic;
				CURRENT_PROJECT_VERSION = 1;
				DEVELOPMENT_TEAM = UT362X937Q;
				GENERATE_INFOPLIST_FILE = YES;
				INFOPLIST_FILE = BookInfo/Info.plist;
				INFOPLIST_KEY_UIApplicationSupportsIndirectInputEvents = YES;
				INFOPLIST_KEY_UILaunchStoryboardName = LaunchScreen;
				INFOPLIST_KEY_UIMainStoryboardFile = Books;
				INFOPLIST_KEY_UISupportedInterfaceOrientations_iPad = "UIInterfaceOrientationPortrait UIInterfaceOrientationPortraitUpsideDown UIInterfaceOrientationLandscapeLeft UIInterfaceOrientationLandscapeRight";
				INFOPLIST_KEY_UISupportedInterfaceOrientations_iPhone = "UIInterfaceOrientationPortrait UIInterfaceOrientationLandscapeLeft UIInterfaceOrientationLandscapeRight";
				LD_RUNPATH_SEARCH_PATHS = (
					"$(inherited)",
					"@executable_path/Frameworks",
				);
				MARKETING_VERSION = 1.0;
				PRODUCT_BUNDLE_IDENTIFIER = io.github.yyyng2.BookInfo;
				PRODUCT_NAME = "$(TARGET_NAME)";
				SWIFT_EMIT_LOC_STRINGS = YES;
				SWIFT_VERSION = 5.0;
				TARGETED_DEVICE_FAMILY = "1,2";
			};
			name = Release;
		};
/* End XCBuildConfiguration section */

/* Begin XCConfigurationList section */
		189821942887C1B500A887BD /* Build configuration list for PBXProject "BookInfo" */ = {
			isa = XCConfigurationList;
			buildConfigurations = (
				189821AB2887C1B800A887BD /* Debug */,
				189821AC2887C1B800A887BD /* Release */,
			);
			defaultConfigurationIsVisible = 0;
			defaultConfigurationName = Release;
		};
		189821AD2887C1B800A887BD /* Build configuration list for PBXNativeTarget "BookInfo" */ = {
			isa = XCConfigurationList;
			buildConfigurations = (
				189821AE2887C1B800A887BD /* Debug */,
				189821AF2887C1B800A887BD /* Release */,
			);
			defaultConfigurationIsVisible = 0;
			defaultConfigurationName = Release;
		};
/* End XCConfigurationList section */
	};
	rootObject = 189821912887C1B500A887BD /* Project object */;
}
